
Microsoft Visual Studio Solution File, Format Version 12.00
# Visual Studio Version 16
VisualStudioVersion = 16.0.29911.84
MinimumVisualStudioVersion = 10.0.40219.1
Project("{FAE04EC0-301F-11D3-BF4B-00C04F79EFBC}") = "AzureTraining", "AzureTraining\AzureTraining.csproj", "{EBFB2AA9-AB6F-4446-A54B-F3379ECA4CCF}"
EndProject
Global
	GlobalSection(SolutionConfigurationPlatforms) = preSolution
		Debug|Any CPU = Debug|Any CPU
		Release|Any CPU = Release|Any CPU
	EndGlobalSection
	GlobalSection(ProjectConfigurationPlatforms) = postSolution
		{EBFB2AA9-AB6F-4446-A54B-F3379ECA4CCF}.Debug|Any CPU.ActiveCfg = Debug|Any CPU
		{EBFB2AA9-AB6F-4446-A54B-F3379ECA4CCF}.Debug|Any CPU.Build.0 = Debug|Any CPU
		{EBFB2AA9-AB6F-4446-A54B-F3379ECA4CCF}.Release|Any CPU.ActiveCfg = Release|Any CPU
		{EBFB2AA9-AB6F-4446-A54B-F3379ECA4CCF}.Release|Any CPU.Build.0 = Release|Any CPU
	EndGlobalSection
	GlobalSection(SolutionProperties) = preSolution
		HideSolutionNode = FALSE
	EndGlobalSection
	GlobalSection(ExtensibilityGlobals) = postSolution
		SolutionGuid = {323127CE-AEF2-4D26-A3AC-AFCF4656671A}
	EndGlobalSection
EndGlobal
